
Microsoft Visual Studio Solution File, Format Version 12.00
# Visual Studio Version 16
VisualStudioVersion = 16.0.30804.86
MinimumVisualStudioVersion = 10.0.40219.1
Project("{FAE04EC0-301F-11D3-BF4B-00C04F79EFBC}") = "UnitTestingCSharp", "UnitTestingCSharp.csproj", "{9A9CB6EE-4173-4A3F-A1D8-B0DDDE79E5B8}"
EndProject
Project("{FAE04EC0-301F-11D3-BF4B-00C04F79EFBC}") = "UnitTestProject", "UnitTestProject\UnitTestProject.csproj", "{EF55163F-A2F3-4C79-BAA2-90A7A1768039}"
EndProject
Global
	GlobalSection(SolutionConfigurationPlatforms) = preSolution
		Debug|Any CPU = Debug|Any CPU
		Release|Any CPU = Release|Any CPU
	EndGlobalSection
	GlobalSection(ProjectConfigurationPlatforms) = postSolution
		{9A9CB6EE-4173-4A3F-A1D8-B0DDDE79E5B8}.Debug|Any CPU.ActiveCfg = Debug|Any CPU
		{9A9CB6EE-4173-4A3F-A1D8-B0DDDE79E5B8}.Debug|Any CPU.Build.0 = Debug|Any CPU
		{9A9CB6EE-4173-4A3F-A1D8-B0DDDE79E5B8}.Release|Any CPU.ActiveCfg = Release|Any CPU
		{9A9CB6EE-4173-4A3F-A1D8-B0DDDE79E5B8}.Release|Any CPU.Build.0 = Release|Any CPU
		{EF55163F-A2F3-4C79-BAA2-90A7A1768039}.Debug|Any CPU.ActiveCfg = Debug|Any CPU
		{EF55163F-A2F3-4C79-BAA2-90A7A1768039}.Debug|Any CPU.Build.0 = Debug|Any CPU
		{EF55163F-A2F3-4C79-BAA2-90A7A1768039}.Release|Any CPU.ActiveCfg = Release|Any CPU
		{EF55163F-A2F3-4C79-BAA2-90A7A1768039}.Release|Any CPU.Build.0 = Release|Any CPU
	EndGlobalSection
	GlobalSection(SolutionProperties) = preSolution
		HideSolutionNode = FALSE
	EndGlobalSection
	GlobalSection(ExtensibilityGlobals) = postSolution
		SolutionGuid = {4D9165B4-C3B8-4988-9C1D-A18C942DFDE4}
	EndGlobalSection
EndGlobal
